<Solution>
  <Folder Name="/src/">
    <Project Path="src/SpeedtestWatcher.Application/SpeedtestWatcher.Application.csproj" />
    <Project Path="src/SpeedtestWatcher.Web/SpeedtestWatcher.Web.csproj" />
  </Folder>
  <Folder Name="/tests/">
    <Project Path="tests/SpeedtestWatcher.IntegrationTests/SpeedtestWatcher.IntegrationTests.csproj" />
    <Project Path="tests/SpeedtestWatcher.TestSupport/SpeedtestWatcher.TestSupport.csproj" />
    <Project Path="tests/SpeedtestWatcher.UnitTests/SpeedtestWatcher.UnitTests.csproj" />
  </Folder>
</Solution>
